
Microsoft Visual Studio Solution File, Format Version 12.00
# Visual Studio 14
VisualStudioVersion = 14.0.25123.0
MinimumVisualStudioVersion = 10.0.40219.1
Project("{FAE04EC0-301F-11D3-BF4B-00C04F79EFBC}") = "AdbMonkey", "AdbMonkey\AdbMonkey.csproj", "{20949500-007B-4D82-889A-F2244096F020}"
EndProject
Project("{FAE04EC0-301F-11D3-BF4B-00C04F79EFBC}") = "AdbMonkeyTest", "AdbMonkeyTest\AdbMonkeyTest.csproj", "{08232A3A-3517-4AD8-976C-A3AF9AE34024}"
EndProject
Global
	GlobalSection(SolutionConfigurationPlatforms) = preSolution
		Debug|Any CPU = Debug|Any CPU
		Release|Any CPU = Release|Any CPU
	EndGlobalSection
	GlobalSection(ProjectConfigurationPlatforms) = postSolution
		{20949500-007B-4D82-889A-F2244096F020}.Debug|Any CPU.ActiveCfg = Debug|Any CPU
		{20949500-007B-4D82-889A-F2244096F020}.Debug|Any CPU.Build.0 = Debug|Any CPU
		{20949500-007B-4D82-889A-F2244096F020}.Release|Any CPU.ActiveCfg = Release|Any CPU
		{20949500-007B-4D82-889A-F2244096F020}.Release|Any CPU.Build.0 = Release|Any CPU
		{08232A3A-3517-4AD8-976C-A3AF9AE34024}.Debug|Any CPU.ActiveCfg = Debug|Any CPU
		{08232A3A-3517-4AD8-976C-A3AF9AE34024}.Debug|Any CPU.Build.0 = Debug|Any CPU
		{08232A3A-3517-4AD8-976C-A3AF9AE34024}.Release|Any CPU.ActiveCfg = Release|Any CPU
		{08232A3A-3517-4AD8-976C-A3AF9AE34024}.Release|Any CPU.Build.0 = Release|Any CPU
	EndGlobalSection
	GlobalSection(SolutionProperties) = preSolution
		HideSolutionNode = FALSE
	EndGlobalSection
EndGlobal
